<?xml version="1.0" encoding="UTF-8" standalone="yes" ?>
<CodeBlocks_project_file>
	<FileVersion major="1" minor="6" />
	<Project>
		<Option title="IrrBulletPhysics" />
		<Option pch_mode="2" />
		<Option compiler="gcc" />
		<Build>
			<Target title="Debug">
				<Option output="bin/Debug/IrrBulletPhysics" prefix_auto="1" extension_auto="1" />
				<Option working_dir="F:/Programmation/Irrlicht/irrlicht-1.8.1/bin/Win32-gcc" />
				<Option object_output="obj/Debug/" />
				<Option type="1" />
				<Option compiler="gcc" />
				<Compiler>
					<Add option="-std=c++11" />
					<Add option="-g" />
					<Add directory="$(sfml_lib)" />
					<Add directory="$(Sfml_inc)" />
				</Compiler>
				<Linker>
					<Add library="libsfml-audio-s-d.a" />
					<Add library="libsfml-network-s-d.a" />
					<Add library="libsfml-system-s-d.a" />
					<Add library="libopenal32.a" />
					<Add library="libFLAC.a" />
					<Add library="libvorbisenc.a" />
					<Add library="libvorbisfile.a" />
					<Add library="libvorbis.a" />
					<Add library="libogg.a" />
					<Add library="winmm" />
					<Add library="ws2_32" />
					<Add directory="$(sfml_lib)" />
					<Add directory="$(Sfml_inc)" />
				</Linker>
			</Target>
			<Target title="Release">
				<Option output="bin/Release/IrrBulletPhysics" prefix_auto="1" extension_auto="1" />
				<Option working_dir="F:/Programmation/Irrlicht/irrlicht-1.8.1/bin/Win32-gcc" />
				<Option object_output="obj/Release/" />
				<Option type="0" />
				<Option compiler="gcc" />
				<Compiler>
					<Add option="-O2" />
					<Add directory="$(sfml_lib)" />
					<Add directory="$(sfml_inc)" />
				</Compiler>
				<Linker>
					<Add option="-s" />
					<Add library="libsfml-audio-s.a" />
					<Add library="libsfml-network-s.a" />
					<Add library="libsfml-system-s.a" />
					<Add library="libopenal32.a" />
					<Add library="libFLAC.a" />
					<Add library="libvorbisenc.a" />
					<Add library="libvorbisfile.a" />
					<Add library="libvorbis.a" />
					<Add library="libogg.a" />
					<Add library="winmm" />
					<Add library="ws2_32" />
					<Add directory="$(sfml_lib)" />
					<Add directory="$(sfml_inc)" />
				</Linker>
			</Target>
			<Environment>
				<Variable name="Bullet" value="I:\Programmation\bullet3-2.83.7" />
				<Variable name="Bullet_lib" value="$(Bullet)\bin" />
				<Variable name="Irrlicht" value="I:\Programmation\Irrlicht\irrlicht-1.8.3" />
				<Variable name="Sfml_extlibs" value='&quot;I:\Program Files\CodeBlocks\MinGW\lib\SFML&quot;' />
				<Variable name="Sfml_inc" value='&quot;I:\Program Files\CodeBlocks\MinGW\include\SFML&quot;' />
				<Variable name="Sfml_lib" value='&quot;I:\Program Files\CodeBlocks\MinGW\lib\SFML&quot;' />
				<Variable name="sqlite" value="..\sqli_static\" />
			</Environment>
		</Build>
		<Compiler>
			<Add option="-Wall" />
			<Add directory="$(Bullet_lib)" />
			<Add directory="$(Irrlicht)/include" />
			<Add directory="$(Bullet)/src" />
			<Add directory="$(sqlite)" />
		</Compiler>
		<Linker>
			<Add library="$(Irrlicht)\lib\Win32-gcc\Static_lib_float\libIrrlicht.a" />
			<Add library="opengl32" />
			<Add library="gdi32" />
			<Add library="winmm" />
			<Add library="libBulletSoftBody_codeblocks.a" />
			<Add library="libBulletDynamics_codeblocks.a" />
			<Add library="libBulletCollision_codeblocks.a" />
			<Add library="libLinearMath_codeblocks.a" />
			<Add library="$(sqlite)\bin\Debug\libsqli_static.a" />
			<Add directory="$(Bullet_lib)" />
			<Add directory="$(Irrlicht)/include" />
			<Add directory="$(sqlite)" />
		</Linker>
		<Unit filename="RigidBodyMeshNode.cpp" />
		<Unit filename="RigidBodyMeshNode.h" />
		<Unit filename="SoftBodyMeshNode.cpp" />
		<Unit filename="SoftBodyMeshNode.h" />
		<Unit filename="VehicleRaycastMeshNode.cpp" />
		<Unit filename="VehicleRaycastMeshNode.h" />
		<Unit filename="gameDatabase.cpp" />
		<Unit filename="gameDatabase.h" />
		<Unit filename="gameHouse.h" />
		<Unit filename="gameHuman.h" />
		<Unit filename="gameMoto.h" />
		<Unit filename="gamePlane.h" />
		<Unit filename="gameRigidObject.cpp" />
		<Unit filename="gameRigidObject.h" />
		<Unit filename="gameSimpleCar.cpp" />
		<Unit filename="gameSimpleCar.h" />
		<Unit filename="gameSoftObject.cpp" />
		<Unit filename="gameSoftObject.h" />
		<Unit filename="gameTree.h" />
		<Unit filename="gameWorld.cpp" />
		<Unit filename="gameWorld.h" />
		<Unit filename="irr2bp.cpp" />
		<Unit filename="irr2bp.h" />
		<Unit filename="irrContactResCallback.h" />
		<Unit filename="irrDebugDraw.cpp" />
		<Unit filename="irrDebugDraw.h" />
		<Unit filename="irrMotionState.cpp" />
		<Unit filename="irrMotionState.h" />
		<Unit filename="irrNetwork.h" />
		<Unit filename="irrSimulation.h" />
		<Unit filename="irrSong.h" />
		<Unit filename="main.cpp" />
		<Unit filename="racingTest1.h" />
		<Extensions>
			<code_completion />
			<envvars />
			<debugger />
			<DoxyBlocks>
				<comment_style block="0" line="0" />
				<doxyfile_project />
				<doxyfile_build extract_all="1" extract_private="1" extract_static="1" />
				<doxyfile_warnings />
				<doxyfile_output />
				<doxyfile_dot />
				<general />
			</DoxyBlocks>
		</Extensions>
	</Project>
</CodeBlocks_project_file>
